
Microsoft Visual Studio Solution File, Format Version 12.00
# Visual Studio 15
VisualStudioVersion = 15.0.27130.2027
MinimumVisualStudioVersion = 10.0.40219.1
Project("{8BC9CEB8-8B4A-11D0-8D11-00A0C91BC942}") = "dsmini1", "dsmini1\dsmini1.vcxproj", "{892C932A-06D9-4DDF-A744-092AD2A1BEBA}"
EndProject
Global
	GlobalSection(SolutionConfigurationPlatforms) = preSolution
		Debug|x64 = Debug|x64
		Debug|x86 = Debug|x86
		Release|x64 = Release|x64
		Release|x86 = Release|x86
	EndGlobalSection
	GlobalSection(ProjectConfigurationPlatforms) = postSolution
		{892C932A-06D9-4DDF-A744-092AD2A1BEBA}.Debug|x64.ActiveCfg = Debug|x64
		{892C932A-06D9-4DDF-A744-092AD2A1BEBA}.Debug|x64.Build.0 = Debug|x64
		{892C932A-06D9-4DDF-A744-092AD2A1BEBA}.Debug|x86.ActiveCfg = Debug|Win32
		{892C932A-06D9-4DDF-A744-092AD2A1BEBA}.Debug|x86.Build.0 = Debug|Win32
		{892C932A-06D9-4DDF-A744-092AD2A1BEBA}.Release|x64.ActiveCfg = Release|x64
		{892C932A-06D9-4DDF-A744-092AD2A1BEBA}.Release|x64.Build.0 = Release|x64
		{892C932A-06D9-4DDF-A744-092AD2A1BEBA}.Release|x86.ActiveCfg = Release|Win32
		{892C932A-06D9-4DDF-A744-092AD2A1BEBA}.Release|x86.Build.0 = Release|Win32
	EndGlobalSection
	GlobalSection(SolutionProperties) = preSolution
		HideSolutionNode = FALSE
	EndGlobalSection
	GlobalSection(ExtensibilityGlobals) = postSolution
		SolutionGuid = {4A0DE387-C422-430C-ADBD-02B27E18FD72}
	EndGlobalSection
EndGlobal
